
Microsoft Visual Studio Solution File, Format Version 12.00
Project("{FAE04EC0-301F-11D3-BF4B-00C04F79EFBC}") = "RainbowForge", "RainbowForge\RainbowForge.csproj", "{7B9CEA86-8793-44FE-BE70-8C79590861F1}"
EndProject
Project("{FAE04EC0-301F-11D3-BF4B-00C04F79EFBC}") = "Sandbox", "Sandbox\Sandbox.csproj", "{8AE96F2D-E7BA-4DA4-ABC6-0F3F9A2A2CE2}"
EndProject
Project("{FAE04EC0-301F-11D3-BF4B-00C04F79EFBC}") = "DumpTool", "DumpTool\DumpTool.csproj", "{0337F28A-2FD6-472C-81F2-4BAC305D1B5F}"
EndProject
Project("{FAE04EC0-301F-11D3-BF4B-00C04F79EFBC}") = "Prism", "Prism\Prism.csproj", "{22894B1E-0865-4AE9-9102-ED3ACC138B16}"
EndProject
Project("{FAE04EC0-301F-11D3-BF4B-00C04F79EFBC}") = "RainbowScimitar", "RainbowScimitar\RainbowScimitar.csproj", "{94CFB368-13B4-4A64-A7D2-64BD09CF5810}"
EndProject
Global
	GlobalSection(SolutionConfigurationPlatforms) = preSolution
		Debug|Any CPU = Debug|Any CPU
		Release|Any CPU = Release|Any CPU
	EndGlobalSection
	GlobalSection(ProjectConfigurationPlatforms) = postSolution
		{7B9CEA86-8793-44FE-BE70-8C79590861F1}.Debug|Any CPU.ActiveCfg = Debug|Any CPU
		{7B9CEA86-8793-44FE-BE70-8C79590861F1}.Debug|Any CPU.Build.0 = Debug|Any CPU
		{7B9CEA86-8793-44FE-BE70-8C79590861F1}.Release|Any CPU.ActiveCfg = Release|Any CPU
		{7B9CEA86-8793-44FE-BE70-8C79590861F1}.Release|Any CPU.Build.0 = Release|Any CPU
		{8AE96F2D-E7BA-4DA4-ABC6-0F3F9A2A2CE2}.Debug|Any CPU.ActiveCfg = Debug|Any CPU
		{8AE96F2D-E7BA-4DA4-ABC6-0F3F9A2A2CE2}.Debug|Any CPU.Build.0 = Debug|Any CPU
		{8AE96F2D-E7BA-4DA4-ABC6-0F3F9A2A2CE2}.Release|Any CPU.ActiveCfg = Release|Any CPU
		{8AE96F2D-E7BA-4DA4-ABC6-0F3F9A2A2CE2}.Release|Any CPU.Build.0 = Release|Any CPU
		{AC0846ED-9D6D-43E7-B39C-2A63C5E15AEA}.Debug|Any CPU.ActiveCfg = Debug|Any CPU
		{AC0846ED-9D6D-43E7-B39C-2A63C5E15AEA}.Debug|Any CPU.Build.0 = Debug|Any CPU
		{AC0846ED-9D6D-43E7-B39C-2A63C5E15AEA}.Release|Any CPU.ActiveCfg = Release|Any CPU
		{AC0846ED-9D6D-43E7-B39C-2A63C5E15AEA}.Release|Any CPU.Build.0 = Release|Any CPU
		{7B1E21C4-7010-4C3D-9635-A7BE3BB1CC75}.Debug|Any CPU.ActiveCfg = Debug|Any CPU
		{7B1E21C4-7010-4C3D-9635-A7BE3BB1CC75}.Debug|Any CPU.Build.0 = Debug|Any CPU
		{7B1E21C4-7010-4C3D-9635-A7BE3BB1CC75}.Release|Any CPU.ActiveCfg = Release|Any CPU
		{7B1E21C4-7010-4C3D-9635-A7BE3BB1CC75}.Release|Any CPU.Build.0 = Release|Any CPU
		{0337F28A-2FD6-472C-81F2-4BAC305D1B5F}.Debug|Any CPU.ActiveCfg = Debug|Any CPU
		{0337F28A-2FD6-472C-81F2-4BAC305D1B5F}.Debug|Any CPU.Build.0 = Debug|Any CPU
		{0337F28A-2FD6-472C-81F2-4BAC305D1B5F}.Release|Any CPU.ActiveCfg = Release|Any CPU
		{0337F28A-2FD6-472C-81F2-4BAC305D1B5F}.Release|Any CPU.Build.0 = Release|Any CPU
		{22894B1E-0865-4AE9-9102-ED3ACC138B16}.Debug|Any CPU.ActiveCfg = Debug|Any CPU
		{22894B1E-0865-4AE9-9102-ED3ACC138B16}.Debug|Any CPU.Build.0 = Debug|Any CPU
		{22894B1E-0865-4AE9-9102-ED3ACC138B16}.Release|Any CPU.ActiveCfg = Release|Any CPU
		{22894B1E-0865-4AE9-9102-ED3ACC138B16}.Release|Any CPU.Build.0 = Release|Any CPU
		{94CFB368-13B4-4A64-A7D2-64BD09CF5810}.Debug|Any CPU.ActiveCfg = Debug|Any CPU
		{94CFB368-13B4-4A64-A7D2-64BD09CF5810}.Debug|Any CPU.Build.0 = Debug|Any CPU
		{94CFB368-13B4-4A64-A7D2-64BD09CF5810}.Release|Any CPU.ActiveCfg = Release|Any CPU
		{94CFB368-13B4-4A64-A7D2-64BD09CF5810}.Release|Any CPU.Build.0 = Release|Any CPU
	EndGlobalSection
EndGlobal
